
Microsoft Visual Studio Solution File, Format Version 12.00
# Visual Studio 15
VisualStudioVersion = 15.0.28307.168
MinimumVisualStudioVersion = 10.0.40219.1
Project("{2150E333-8FDC-42A3-9474-1A3956D46DE8}") = "ThirdParty", "ThirdParty", "{89436304-9C40-4132-AF91-2AA8E10D8337}"
EndProject
Project("{FAE04EC0-301F-11D3-BF4B-00C04F79EFBC}") = "HamAprsParser", "HamAprsParser\HamAprsParser.csproj", "{B9D12E6A-AB2B-4AAB-9EF5-64B4C75DC914}"
EndProject
Project("{FAE04EC0-301F-11D3-BF4B-00C04F79EFBC}") = "AgwpePort", "AgwpePort\AgwpePort.csproj", "{96D6E840-27CD-4EB6-A7C8-241C7B6F65CC}"
EndProject
Project("{FAE04EC0-301F-11D3-BF4B-00C04F79EFBC}") = "SARTopoTracker", "SARTopoTracker\SARTopoTracker.csproj", "{DB330644-6BCF-43D9-809A-66956FD40A8A}"
EndProject
Project("{2150E333-8FDC-42A3-9474-1A3956D46DE8}") = "Repo Files", "Repo Files", "{1DE6A71B-0664-415B-8C30-0D46A9C48003}"
	ProjectSection(SolutionItems) = preProject
		.gitignore = .gitignore
		LICENSE = LICENSE
		README.md = README.md
	EndProjectSection
EndProject
Project("{FAE04EC0-301F-11D3-BF4B-00C04F79EFBC}") = "Garmin.Device.Core", "Garmin.Device.Core\Garmin.Device.Core.csproj", "{1EB16237-97A2-4F6F-97EB-48B3B4B17530}"
EndProject
Global
	GlobalSection(SolutionConfigurationPlatforms) = preSolution
		Debug|Any CPU = Debug|Any CPU
		Release|Any CPU = Release|Any CPU
	EndGlobalSection
	GlobalSection(ProjectConfigurationPlatforms) = postSolution
		{B9D12E6A-AB2B-4AAB-9EF5-64B4C75DC914}.Debug|Any CPU.ActiveCfg = Debug|Any CPU
		{B9D12E6A-AB2B-4AAB-9EF5-64B4C75DC914}.Debug|Any CPU.Build.0 = Debug|Any CPU
		{B9D12E6A-AB2B-4AAB-9EF5-64B4C75DC914}.Release|Any CPU.ActiveCfg = Release|Any CPU
		{B9D12E6A-AB2B-4AAB-9EF5-64B4C75DC914}.Release|Any CPU.Build.0 = Release|Any CPU
		{96D6E840-27CD-4EB6-A7C8-241C7B6F65CC}.Debug|Any CPU.ActiveCfg = Debug|Any CPU
		{96D6E840-27CD-4EB6-A7C8-241C7B6F65CC}.Debug|Any CPU.Build.0 = Debug|Any CPU
		{96D6E840-27CD-4EB6-A7C8-241C7B6F65CC}.Release|Any CPU.ActiveCfg = Release|Any CPU
		{96D6E840-27CD-4EB6-A7C8-241C7B6F65CC}.Release|Any CPU.Build.0 = Release|Any CPU
		{DB330644-6BCF-43D9-809A-66956FD40A8A}.Debug|Any CPU.ActiveCfg = Debug|Any CPU
		{DB330644-6BCF-43D9-809A-66956FD40A8A}.Debug|Any CPU.Build.0 = Debug|Any CPU
		{DB330644-6BCF-43D9-809A-66956FD40A8A}.Release|Any CPU.ActiveCfg = Release|Any CPU
		{DB330644-6BCF-43D9-809A-66956FD40A8A}.Release|Any CPU.Build.0 = Release|Any CPU
		{1EB16237-97A2-4F6F-97EB-48B3B4B17530}.Debug|Any CPU.ActiveCfg = Debug|Any CPU
		{1EB16237-97A2-4F6F-97EB-48B3B4B17530}.Debug|Any CPU.Build.0 = Debug|Any CPU
		{1EB16237-97A2-4F6F-97EB-48B3B4B17530}.Release|Any CPU.ActiveCfg = Release|Any CPU
		{1EB16237-97A2-4F6F-97EB-48B3B4B17530}.Release|Any CPU.Build.0 = Release|Any CPU
	EndGlobalSection
	GlobalSection(SolutionProperties) = preSolution
		HideSolutionNode = FALSE
	EndGlobalSection
	GlobalSection(NestedProjects) = preSolution
		{B9D12E6A-AB2B-4AAB-9EF5-64B4C75DC914} = {89436304-9C40-4132-AF91-2AA8E10D8337}
		{96D6E840-27CD-4EB6-A7C8-241C7B6F65CC} = {89436304-9C40-4132-AF91-2AA8E10D8337}
		{1EB16237-97A2-4F6F-97EB-48B3B4B17530} = {89436304-9C40-4132-AF91-2AA8E10D8337}
	EndGlobalSection
	GlobalSection(ExtensibilityGlobals) = postSolution
		SolutionGuid = {B51C298F-3D1B-44C9-BC8E-E1A8F106CF68}
	EndGlobalSection
EndGlobal
